PODS:
  - Alamofire (4.5.0)
  - AlamofireOauth2 (2.0.1):
    - Alamofire
    - KeychainAccess
  - Crashlytics (3.8.5):
    - Fabric (~> 1.6.3)
  - CRMotionView (0.3.1)
  - EZAlertController (3.2)
  - Fabric (1.6.12)
  - KeychainAccess (3.0.2)
  - SDWebImage (3.8.2):
    - SDWebImage/Core (= 3.8.2)
  - SDWebImage/Core (3.8.2)

DEPENDENCIES:
  - AlamofireOauth2
  - Crashlytics
  - CRMotionView
  - EZAlertController (= 3.2)
  - Fabric
  - SDWebImage (~> 3.8)

SPEC CHECKSUMS:
  Alamofire: f28cdffd29de33a7bfa022cbd63ae95a27fae140
  AlamofireOauth2: f3f58d52bdac4c0340181d32ae7d9eaa4c5ed84b
  Crashlytics: dfbae35ef22ca189240d230ad501feea4ee85d2d
  CRMotionView: da2a88ec98e5991f94bdeea3cd8fe30db2808e4b
  EZAlertController: 633be01320bed47720be54054df47667d61c2481
  Fabric: f050464eac45a2ce5a8e6e6a07e977c0df32fe28
  KeychainAccess: a986406022dfc7c634c691ad3bec670cc6a32002
  SDWebImage: 098e97e6176540799c27e804c96653ee0833d13c

PODFILE CHECKSUM: a1d2cd8e4ba87b439135abdd14982535916420c6

COCOAPODS: 1.2.1
